{
  "projects": [
    {
      "projectId": "gxFBuyTxBT77oBFe4NM2ne",
      "version": "latest",
      "dependencies": {},
      "lang": "ts",
      "fileLocks": [
        {
          "type": "globalVariant",
          "assetId": "a9XRPBk7Va_h",
          "checksum": "3f1e09abef0140163777f483bcf40348"
        },
        {
          "type": "renderModule",
          "assetId": "PMmPo_7aw6qK",
          "checksum": "af231b31dee15efea989f2386b5a2980"
        },
        {
          "type": "cssRules",
          "assetId": "PMmPo_7aw6qK",
          "checksum": "af231b31dee15efea989f2386b5a2980"
        },
        {
          "type": "icon",
          "assetId": "07SmtDcZBYzp",
          "checksum": "bef303a1c424afde521278752438e2e0"
        },
        {
          "type": "icon",
          "assetId": "jZY9cHspvwoT",
          "checksum": "9bf80ce345a6a749fa24325e9771605b"
        },
        {
          "type": "image",
          "assetId": "LqDiFfotqoW7",
          "checksum": "41490b2394e10d4d374de0e4a99b5617"
        },
        {
          "assetId": "gxFBuyTxBT77oBFe4NM2ne",
          "type": "projectCss",
          "checksum": "cacf542bc673fe35896c473156dd081c"
        },
        {
          "type": "icon",
          "assetId": "NAqLtEit9vBn",
          "checksum": "d2c66b4cd171af87d2d5d7af22b46129"
        },
        {
          "type": "icon",
          "assetId": "_hym-HlNEm3Y",
          "checksum": "b852149818b476ca3413041b9badb2bb"
        },
        {
          "type": "icon",
          "assetId": "pBXCeelTBMmW",
          "checksum": "2875c561cf1ea18637be49dba912f457"
        }
      ],
      "codegenVersion": "0.0.1"
    }
  ],
  "cliVersion": "0.1.334"
}
